
Microsoft Visual Studio Solution File, Format Version 12.00
# Visual Studio Version 17
VisualStudioVersion = 17.2.32516.85
MinimumVisualStudioVersion = 10.0.40219.1
Project("{9A19103F-16F7-4668-BE54-9A1E7A4F7556}") = "GerenciadorDeCursos.API", "GerenciadorDeCursos.API\GerenciadorDeCursos.API.csproj", "{E0AEDC58-843B-4A8E-83C1-DA899038E0C2}"
EndProject
Project("{9A19103F-16F7-4668-BE54-9A1E7A4F7556}") = "GerenciadorDeCursos.Border", "GerenciadorDeCursos.Border\GerenciadorDeCursos.Border.csproj", "{00F23280-BFE4-49AF-BBB7-FEE78341B9D7}"
EndProject
Project("{9A19103F-16F7-4668-BE54-9A1E7A4F7556}") = "GerenciadorDeCursos.Shared", "GerenciadorDeCursos.Shared\GerenciadorDeCursos.Shared.csproj", "{CF30C132-DD24-437B-B475-A0FD62934426}"
EndProject
Project("{9A19103F-16F7-4668-BE54-9A1E7A4F7556}") = "GerenciadorDeCursos.Repositories", "GerenciadorDeCursos.Repositories\GerenciadorDeCursos.Repositories.csproj", "{B0D02447-AB63-4222-BC81-08A21C055B22}"
EndProject
Project("{9A19103F-16F7-4668-BE54-9A1E7A4F7556}") = "GerenciadorDeCursos.UseCases", "GerenciadorDeCursos.UseCases\GerenciadorDeCursos.UseCases.csproj", "{A2D80336-53D7-402C-B615-A07BA9F31272}"
EndProject
Global
	GlobalSection(SolutionConfigurationPlatforms) = preSolution
		Debug|Any CPU = Debug|Any CPU
		Release|Any CPU = Release|Any CPU
	EndGlobalSection
	GlobalSection(ProjectConfigurationPlatforms) = postSolution
		{E0AEDC58-843B-4A8E-83C1-DA899038E0C2}.Debug|Any CPU.ActiveCfg = Debug|Any CPU
		{E0AEDC58-843B-4A8E-83C1-DA899038E0C2}.Debug|Any CPU.Build.0 = Debug|Any CPU
		{E0AEDC58-843B-4A8E-83C1-DA899038E0C2}.Release|Any CPU.ActiveCfg = Release|Any CPU
		{E0AEDC58-843B-4A8E-83C1-DA899038E0C2}.Release|Any CPU.Build.0 = Release|Any CPU
		{00F23280-BFE4-49AF-BBB7-FEE78341B9D7}.Debug|Any CPU.ActiveCfg = Debug|Any CPU
		{00F23280-BFE4-49AF-BBB7-FEE78341B9D7}.Debug|Any CPU.Build.0 = Debug|Any CPU
		{00F23280-BFE4-49AF-BBB7-FEE78341B9D7}.Release|Any CPU.ActiveCfg = Release|Any CPU
		{00F23280-BFE4-49AF-BBB7-FEE78341B9D7}.Release|Any CPU.Build.0 = Release|Any CPU
		{CF30C132-DD24-437B-B475-A0FD62934426}.Debug|Any CPU.ActiveCfg = Debug|Any CPU
		{CF30C132-DD24-437B-B475-A0FD62934426}.Debug|Any CPU.Build.0 = Debug|Any CPU
		{CF30C132-DD24-437B-B475-A0FD62934426}.Release|Any CPU.ActiveCfg = Release|Any CPU
		{CF30C132-DD24-437B-B475-A0FD62934426}.Release|Any CPU.Build.0 = Release|Any CPU
		{B0D02447-AB63-4222-BC81-08A21C055B22}.Debug|Any CPU.ActiveCfg = Debug|Any CPU
		{B0D02447-AB63-4222-BC81-08A21C055B22}.Debug|Any CPU.Build.0 = Debug|Any CPU
		{B0D02447-AB63-4222-BC81-08A21C055B22}.Release|Any CPU.ActiveCfg = Release|Any CPU
		{B0D02447-AB63-4222-BC81-08A21C055B22}.Release|Any CPU.Build.0 = Release|Any CPU
		{A2D80336-53D7-402C-B615-A07BA9F31272}.Debug|Any CPU.ActiveCfg = Debug|Any CPU
		{A2D80336-53D7-402C-B615-A07BA9F31272}.Debug|Any CPU.Build.0 = Debug|Any CPU
		{A2D80336-53D7-402C-B615-A07BA9F31272}.Release|Any CPU.ActiveCfg = Release|Any CPU
		{A2D80336-53D7-402C-B615-A07BA9F31272}.Release|Any CPU.Build.0 = Release|Any CPU
	EndGlobalSection
	GlobalSection(SolutionProperties) = preSolution
		HideSolutionNode = FALSE
	EndGlobalSection
	GlobalSection(ExtensibilityGlobals) = postSolution
		SolutionGuid = {292F2E31-E61D-4CF7-AD19-6906637169FB}
	EndGlobalSection
EndGlobal
